
Microsoft Visual Studio Solution File, Format Version 12.00
# Visual Studio Version 17
VisualStudioVersion = 17.0.32014.148
MinimumVisualStudioVersion = 10.0.40219.1
Project("{2150E333-8FDC-42A3-9474-1A3956D46DE8}") = "src", "src", "{B6458D7B-CAAF-45AC-A29D-799C1A9F4545}"
EndProject
Project("{2150E333-8FDC-42A3-9474-1A3956D46DE8}") = "tests", "tests", "{8EB56DCD-A290-46FE-8ACC-3965E7DCC67A}"
	ProjectSection(SolutionItems) = preProject
		tests\README.md = tests\README.md
	EndProjectSection
EndProject
Project("{2150E333-8FDC-42A3-9474-1A3956D46DE8}") = "BackEnd", "BackEnd", "{15C3537D-2DCD-41E2-9737-5BE3861BB043}"
EndProject
Project("{FAE04EC0-301F-11D3-BF4B-00C04F79EFBC}") = "Clinic.Api", "src\BackEnd\Clinic.Api\Clinic.Api.csproj", "{EDFE5D28-0668-4BC0-9AB7-6B860D637616}"
EndProject
Project("{FAE04EC0-301F-11D3-BF4B-00C04F79EFBC}") = "Clinic.Core", "src\BackEnd\Clinic.Core\Clinic.Core.csproj", "{3520732D-E4E0-4442-B5BF-6B8E1C2C60D8}"
EndProject
Global
	GlobalSection(SolutionConfigurationPlatforms) = preSolution
		Debug|Any CPU = Debug|Any CPU
		Release|Any CPU = Release|Any CPU
	EndGlobalSection
	GlobalSection(ProjectConfigurationPlatforms) = postSolution
		{EDFE5D28-0668-4BC0-9AB7-6B860D637616}.Debug|Any CPU.ActiveCfg = Debug|Any CPU
		{EDFE5D28-0668-4BC0-9AB7-6B860D637616}.Debug|Any CPU.Build.0 = Debug|Any CPU
		{EDFE5D28-0668-4BC0-9AB7-6B860D637616}.Release|Any CPU.ActiveCfg = Release|Any CPU
		{EDFE5D28-0668-4BC0-9AB7-6B860D637616}.Release|Any CPU.Build.0 = Release|Any CPU
		{3520732D-E4E0-4442-B5BF-6B8E1C2C60D8}.Debug|Any CPU.ActiveCfg = Debug|Any CPU
		{3520732D-E4E0-4442-B5BF-6B8E1C2C60D8}.Debug|Any CPU.Build.0 = Debug|Any CPU
		{3520732D-E4E0-4442-B5BF-6B8E1C2C60D8}.Release|Any CPU.ActiveCfg = Release|Any CPU
		{3520732D-E4E0-4442-B5BF-6B8E1C2C60D8}.Release|Any CPU.Build.0 = Release|Any CPU
	EndGlobalSection
	GlobalSection(SolutionProperties) = preSolution
		HideSolutionNode = FALSE
	EndGlobalSection
	GlobalSection(NestedProjects) = preSolution
		{15C3537D-2DCD-41E2-9737-5BE3861BB043} = {B6458D7B-CAAF-45AC-A29D-799C1A9F4545}
		{EDFE5D28-0668-4BC0-9AB7-6B860D637616} = {15C3537D-2DCD-41E2-9737-5BE3861BB043}
		{3520732D-E4E0-4442-B5BF-6B8E1C2C60D8} = {15C3537D-2DCD-41E2-9737-5BE3861BB043}
	EndGlobalSection
	GlobalSection(ExtensibilityGlobals) = postSolution
		SolutionGuid = {1EE98874-7733-4D95-8C68-35DDC80A43C1}
	EndGlobalSection
EndGlobal
