
Microsoft Visual Studio Solution File, Format Version 12.00
# Visual Studio Version 17
VisualStudioVersion = 17.5.002.0
MinimumVisualStudioVersion = 10.0.40219.1
Project("{9A19103F-16F7-4668-BE54-9A1E7A4F7556}") = "Clinic.Api", "Clinic.Api.csproj", "{F80895E4-68BD-4438-8DDE-A6DF552FBA6A}"
EndProject
Global
	GlobalSection(SolutionConfigurationPlatforms) = preSolution
		Debug|Any CPU = Debug|Any CPU
		Release|Any CPU = Release|Any CPU
	EndGlobalSection
	GlobalSection(ProjectConfigurationPlatforms) = postSolution
		{F80895E4-68BD-4438-8DDE-A6DF552FBA6A}.Debug|Any CPU.ActiveCfg = Debug|Any CPU
		{F80895E4-68BD-4438-8DDE-A6DF552FBA6A}.Debug|Any CPU.Build.0 = Debug|Any CPU
		{F80895E4-68BD-4438-8DDE-A6DF552FBA6A}.Release|Any CPU.ActiveCfg = Release|Any CPU
		{F80895E4-68BD-4438-8DDE-A6DF552FBA6A}.Release|Any CPU.Build.0 = Release|Any CPU
	EndGlobalSection
	GlobalSection(SolutionProperties) = preSolution
		HideSolutionNode = FALSE
	EndGlobalSection
	GlobalSection(ExtensibilityGlobals) = postSolution
		SolutionGuid = {56BF18FF-3914-4B79-8A74-E053EA719A9B}
	EndGlobalSection
EndGlobal
